
Microsoft Visual Studio Solution File, Format Version 12.00
# Visual Studio Version 17
VisualStudioVersion = 17.10.35122.118
MinimumVisualStudioVersion = 10.0.40219.1
Project("{FAE04EC0-301F-11D3-BF4B-00C04F79EFBC}") = "Round.NET.SmartTerminals", "Round.NET.SmartTerminals\Round.NET.SmartTerminals.csproj", "{395FF92A-0CBE-4093-ACBB-81DE2D42E5ED}"
EndProject
Global
	GlobalSection(SolutionConfigurationPlatforms) = preSolution
		Debug|Any CPU = Debug|Any CPU
		Release|Any CPU = Release|Any CPU
	EndGlobalSection
	GlobalSection(ProjectConfigurationPlatforms) = postSolution
		{395FF92A-0CBE-4093-ACBB-81DE2D42E5ED}.Debug|Any CPU.ActiveCfg = Debug|Any CPU
		{395FF92A-0CBE-4093-ACBB-81DE2D42E5ED}.Debug|Any CPU.Build.0 = Debug|Any CPU
		{395FF92A-0CBE-4093-ACBB-81DE2D42E5ED}.Release|Any CPU.ActiveCfg = Release|Any CPU
		{395FF92A-0CBE-4093-ACBB-81DE2D42E5ED}.Release|Any CPU.Build.0 = Release|Any CPU
	EndGlobalSection
	GlobalSection(SolutionProperties) = preSolution
		HideSolutionNode = FALSE
	EndGlobalSection
	GlobalSection(ExtensibilityGlobals) = postSolution
		SolutionGuid = {4734A103-9EB5-474C-A0B2-258F98EF0A77}
	EndGlobalSection
EndGlobal
